
Microsoft Visual Studio Solution File, Format Version 12.00
# Visual Studio 14
VisualStudioVersion = 14.0.25420.1
MinimumVisualStudioVersion = 10.0.40219.1
Project("{F184B08F-C81C-45F6-A57F-5ABD9991F28F}") = "T9_大地主题解算", "T9_大地主题解算\T9_大地主题解算.vbproj", "{334551A8-0405-44FB-AC98-06E589040AD2}"
EndProject
Global
	GlobalSection(SolutionConfigurationPlatforms) = preSolution
		Debug|Any CPU = Debug|Any CPU
		Release|Any CPU = Release|Any CPU
	EndGlobalSection
	GlobalSection(ProjectConfigurationPlatforms) = postSolution
		{334551A8-0405-44FB-AC98-06E589040AD2}.Debug|Any CPU.ActiveCfg = Debug|Any CPU
		{334551A8-0405-44FB-AC98-06E589040AD2}.Debug|Any CPU.Build.0 = Debug|Any CPU
		{334551A8-0405-44FB-AC98-06E589040AD2}.Release|Any CPU.ActiveCfg = Release|Any CPU
		{334551A8-0405-44FB-AC98-06E589040AD2}.Release|Any CPU.Build.0 = Release|Any CPU
	EndGlobalSection
	GlobalSection(SolutionProperties) = preSolution
		HideSolutionNode = FALSE
	EndGlobalSection
EndGlobal
