
Microsoft Visual Studio Solution File, Format Version 12.00
# Visual Studio 14
VisualStudioVersion = 14.0.25420.1
MinimumVisualStudioVersion = 10.0.40219.1
Project("{F184B08F-C81C-45F6-A57F-5ABD9991F28F}") = "T10_纵横断面计算", "T10_纵横断面计算\T10_纵横断面计算.vbproj", "{0032B69A-3A64-45FE-9F66-2E7DF7850D3E}"
EndProject
Global
	GlobalSection(SolutionConfigurationPlatforms) = preSolution
		Debug|Any CPU = Debug|Any CPU
		Release|Any CPU = Release|Any CPU
	EndGlobalSection
	GlobalSection(ProjectConfigurationPlatforms) = postSolution
		{0032B69A-3A64-45FE-9F66-2E7DF7850D3E}.Debug|Any CPU.ActiveCfg = Debug|Any CPU
		{0032B69A-3A64-45FE-9F66-2E7DF7850D3E}.Debug|Any CPU.Build.0 = Debug|Any CPU
		{0032B69A-3A64-45FE-9F66-2E7DF7850D3E}.Release|Any CPU.ActiveCfg = Release|Any CPU
		{0032B69A-3A64-45FE-9F66-2E7DF7850D3E}.Release|Any CPU.Build.0 = Release|Any CPU
	EndGlobalSection
	GlobalSection(SolutionProperties) = preSolution
		HideSolutionNode = FALSE
	EndGlobalSection
EndGlobal
