
Microsoft Visual Studio Solution File, Format Version 12.00
# Visual Studio Version 16
VisualStudioVersion = 16.0.30907.101
MinimumVisualStudioVersion = 10.0.40219.1
Project("{F184B08F-C81C-45F6-A57F-5ABD9991F28F}") = "T0_坐标转换", "T0_坐标转换.vbproj", "{33D73441-1C04-4BC5-AE35-240C51D82A56}"
EndProject
Global
	GlobalSection(SolutionConfigurationPlatforms) = preSolution
		Debug|Any CPU = Debug|Any CPU
		Release|Any CPU = Release|Any CPU
	EndGlobalSection
	GlobalSection(ProjectConfigurationPlatforms) = postSolution
		{33D73441-1C04-4BC5-AE35-240C51D82A56}.Debug|Any CPU.ActiveCfg = Debug|Any CPU
		{33D73441-1C04-4BC5-AE35-240C51D82A56}.Debug|Any CPU.Build.0 = Debug|Any CPU
		{33D73441-1C04-4BC5-AE35-240C51D82A56}.Release|Any CPU.ActiveCfg = Release|Any CPU
		{33D73441-1C04-4BC5-AE35-240C51D82A56}.Release|Any CPU.Build.0 = Release|Any CPU
	EndGlobalSection
	GlobalSection(SolutionProperties) = preSolution
		HideSolutionNode = FALSE
	EndGlobalSection
	GlobalSection(ExtensibilityGlobals) = postSolution
		SolutionGuid = {F7DF35C0-ED3A-46D1-A383-20AC338C4AD4}
	EndGlobalSection
EndGlobal
