
Microsoft Visual Studio Solution File, Format Version 12.00
# Visual Studio 14
VisualStudioVersion = 14.0.25420.1
MinimumVisualStudioVersion = 10.0.40219.1
Project("{F184B08F-C81C-45F6-A57F-5ABD9991F28F}") = "T7_线路曲线要素", "T7_线路曲线要素\T7_线路曲线要素.vbproj", "{896E37B4-1673-4250-8A34-3D7F25AE2A42}"
EndProject
Global
	GlobalSection(SolutionConfigurationPlatforms) = preSolution
		Debug|Any CPU = Debug|Any CPU
		Release|Any CPU = Release|Any CPU
	EndGlobalSection
	GlobalSection(ProjectConfigurationPlatforms) = postSolution
		{896E37B4-1673-4250-8A34-3D7F25AE2A42}.Debug|Any CPU.ActiveCfg = Debug|Any CPU
		{896E37B4-1673-4250-8A34-3D7F25AE2A42}.Debug|Any CPU.Build.0 = Debug|Any CPU
		{896E37B4-1673-4250-8A34-3D7F25AE2A42}.Release|Any CPU.ActiveCfg = Release|Any CPU
		{896E37B4-1673-4250-8A34-3D7F25AE2A42}.Release|Any CPU.Build.0 = Release|Any CPU
	EndGlobalSection
	GlobalSection(SolutionProperties) = preSolution
		HideSolutionNode = FALSE
	EndGlobalSection
EndGlobal
